
Microsoft Visual Studio Solution File, Format Version 12.00
# Visual Studio Version 16
VisualStudioVersion = 16.0.33927.289
MinimumVisualStudioVersion = 10.0.40219.1
Project("{2150E333-8FDC-42A3-9474-1A3956D46DE8}") = "Task0", "Task0", "{A7042F48-30EA-4433-9B53-F9DFDC9B52E3}"
EndProject
Project("{FAE04EC0-301F-11D3-BF4B-00C04F79EFBC}") = "Tyuiu.SheludkovAA.Sprint6.Task0.V6.Test", "Tyuiu.SheludkovAA.Sprint6.Task0.V6.Test\Tyuiu.SheludkovAA.Sprint6.Task0.V6.Test.csproj", "{E7D29DB1-9260-4AC8-AAB9-67836F10A953}"
EndProject
Project("{FAE04EC0-301F-11D3-BF4B-00C04F79EFBC}") = "Tyuiu.SheludkovAA.Sprint6.Task0.V6.Lib", "Tyuiu.SheludkovAA.Sprint6.Task0.V6.Lib\Tyuiu.SheludkovAA.Sprint6.Task0.V6.Lib.csproj", "{5741AAE1-7BC4-439F-A9F1-C8B07AFB4BA1}"
EndProject
Project("{FAE04EC0-301F-11D3-BF4B-00C04F79EFBC}") = "Tyuiu.SheludkovAA.Sprint6.Task0.V6", "Tyuiu.SheludkovAA.Sprint6.Task0.V6\Tyuiu.SheludkovAA.Sprint6.Task0.V6.csproj", "{0E6968FC-EBEB-4E78-AF67-AB863EC7A43A}"
EndProject
Project("{2150E333-8FDC-42A3-9474-1A3956D46DE8}") = "Task1", "Task1", "{AB914F8F-BA4A-4931-8956-D4DC34E4C6C8}"
EndProject
Project("{FAE04EC0-301F-11D3-BF4B-00C04F79EFBC}") = "Tyuiu.SheludkovAA.Sprint6.Task1.V2.Test", "Tyuiu.SheludkovAA.Sprint6.Task1.V2.Test\Tyuiu.SheludkovAA.Sprint6.Task1.V2.Test.csproj", "{3015A6BB-100D-419D-BB46-E82956C2BE10}"
EndProject
Project("{FAE04EC0-301F-11D3-BF4B-00C04F79EFBC}") = "Tyuiu.SheludkovAA.Sprint6.Task1.V2.Lib", "Tyuiu.SheludkovAA.Sprint6.Task1.V2.Lib\Tyuiu.SheludkovAA.Sprint6.Task1.V2.Lib.csproj", "{FB0DA9EF-7D4E-4B37-B3C6-05AAEF3332A8}"
EndProject
Project("{FAE04EC0-301F-11D3-BF4B-00C04F79EFBC}") = "Tyuiu.SheludkovAA.Sprint6.Task1.V2", "Tyuiu.SheludkovAA.Sprint6.Task1.V2\Tyuiu.SheludkovAA.Sprint6.Task1.V2.csproj", "{80579A88-4313-44BF-8A42-00B032135F87}"
EndProject
Project("{2150E333-8FDC-42A3-9474-1A3956D46DE8}") = "Task2", "Task2", "{AFBD39FB-3CDB-416C-840B-787FB90B114E}"
EndProject
Project("{FAE04EC0-301F-11D3-BF4B-00C04F79EFBC}") = "Tyuiu.SheludkovAA.Sprint6.Task2.V6.Test", "Tyuiu.SheludkovAA.Sprint6.Task2.V6.Test\Tyuiu.SheludkovAA.Sprint6.Task2.V6.Test.csproj", "{9602A01C-1281-4154-8C97-FD336B330329}"
EndProject
Project("{FAE04EC0-301F-11D3-BF4B-00C04F79EFBC}") = "Tyuiu.SheludkovAA.Sprint6.Task2.V6.Lib", "Tyuiu.SheludkovAA.Sprint6.Task2.V6.Lib\Tyuiu.SheludkovAA.Sprint6.Task2.V6.Lib.csproj", "{E163E901-2098-49BE-A587-88BDD751DC75}"
EndProject
Project("{FAE04EC0-301F-11D3-BF4B-00C04F79EFBC}") = "Tyuiu.SheludkovAA.Sprint6.Task2.V6", "Tyuiu.SheludkovAA.Sprint6.Task2.V6\Tyuiu.SheludkovAA.Sprint6.Task2.V6.csproj", "{683462D4-B191-49ED-A02F-12B9FAB4E7B3}"
EndProject
Project("{2150E333-8FDC-42A3-9474-1A3956D46DE8}") = "Task3", "Task3", "{55EBDF2D-B6CC-441B-81D0-9EEE7762725C}"
EndProject
Project("{FAE04EC0-301F-11D3-BF4B-00C04F79EFBC}") = "Tyuiu.SheludkovAA.Sprint6.Task3.V3.Test", "Tyuiu.SheludkovAA.Sprint6.Task3.V3.Test\Tyuiu.SheludkovAA.Sprint6.Task3.V3.Test.csproj", "{C8892051-64D7-4FB9-BB36-F6233DC27360}"
EndProject
Project("{FAE04EC0-301F-11D3-BF4B-00C04F79EFBC}") = "Tyuiu.SheludkovAA.Sprint6.Task3.V3.Lib", "Tyuiu.SheludkovAA.Sprint6.Task3.V3.Lib\Tyuiu.SheludkovAA.Sprint6.Task3.V3.Lib.csproj", "{4EFD452F-A806-4B70-AF1A-46D6D1FBBCC7}"
EndProject
Project("{FAE04EC0-301F-11D3-BF4B-00C04F79EFBC}") = "Tyuiu.SheludkovAA.Sprint6.Task3.V3", "Tyuiu.SheludkovAA.Sprint6.Task3.V3\Tyuiu.SheludkovAA.Sprint6.Task3.V3.csproj", "{4B340A99-4E48-43F1-8D67-A3CCD08FF00F}"
EndProject
Project("{2150E333-8FDC-42A3-9474-1A3956D46DE8}") = "Task4", "Task4", "{9E136CE8-5E41-4DA8-B9BD-2C6EFF5DA9B4}"
EndProject
Project("{FAE04EC0-301F-11D3-BF4B-00C04F79EFBC}") = "Tyuiu.SheludkovAA.Sprint6.Task4.V23.Test", "Tyuiu.SheludkovAA.Sprint6.Task4.V23.Test\Tyuiu.SheludkovAA.Sprint6.Task4.V23.Test.csproj", "{93B4BC02-7C4E-45CA-93ED-B50CFEC8ABBF}"
EndProject
Project("{FAE04EC0-301F-11D3-BF4B-00C04F79EFBC}") = "Tyuiu.SheludkovAA.Sprint6.Task4.V23.Lib", "Tyuiu.SheludkovAA.Sprint6.Task4.V23.Lib\Tyuiu.SheludkovAA.Sprint6.Task4.V23.Lib.csproj", "{86D48F05-ABA4-4423-8DD5-1C8B58CDC924}"
EndProject
Project("{FAE04EC0-301F-11D3-BF4B-00C04F79EFBC}") = "Tyuiu.SheludkovAA.Sprint6.Task4.V23", "Tyuiu.SheludkovAA.Sprint6.Task4.V23\Tyuiu.SheludkovAA.Sprint6.Task4.V23.csproj", "{6EB08C1D-FABA-4D81-870A-6944374540BF}"
EndProject
Project("{2150E333-8FDC-42A3-9474-1A3956D46DE8}") = "Task5", "Task5", "{B582F4C8-F74A-4E54-B438-FF227903743B}"
EndProject
Project("{FAE04EC0-301F-11D3-BF4B-00C04F79EFBC}") = "Tyuiu.SheludkovAA.Sprint6.Task5.V20.Test", "Tyuiu.SheludkovAA.Sprint6.Task5.V20.Test\Tyuiu.SheludkovAA.Sprint6.Task5.V20.Test.csproj", "{73B06A99-CE17-47D2-AAA1-DB6ABB44385E}"
EndProject
Project("{FAE04EC0-301F-11D3-BF4B-00C04F79EFBC}") = "Tyuiu.SheludkovAA.Sprint6.Task5.V20.Lib", "Tyuiu.SheludkovAA.Sprint6.Task5.V20.Lib\Tyuiu.SheludkovAA.Sprint6.Task5.V20.Lib.csproj", "{401EA0CE-6018-4036-B804-6B2DDFE50D65}"
EndProject
Project("{FAE04EC0-301F-11D3-BF4B-00C04F79EFBC}") = "Tyuiu.SheludkovAA.Sprint6.Task5.V20", "Tyuiu.SheludkovAA.Sprint6.Task5.V20\Tyuiu.SheludkovAA.Sprint6.Task5.V20.csproj", "{2D8B479A-431C-4DF5-83E0-896CED1E4518}"
EndProject
Project("{2150E333-8FDC-42A3-9474-1A3956D46DE8}") = "Task6", "Task6", "{7504968A-CEE1-42C7-8FDC-79255FEEA241}"
EndProject
Project("{FAE04EC0-301F-11D3-BF4B-00C04F79EFBC}") = "Tyuiu.SheludkovAA.Sprint6.Task6.V18.Test", "Tyuiu.SheludkovAA.Sprint6.Task6.V18.Test\Tyuiu.SheludkovAA.Sprint6.Task6.V18.Test.csproj", "{EFB46E4D-51C0-4302-8F54-18EAF9FC2B4D}"
EndProject
Project("{FAE04EC0-301F-11D3-BF4B-00C04F79EFBC}") = "Tyuiu.SheludkovAA.Sprint6.Task6.V18.Lib", "Tyuiu.SheludkovAA.Sprint6.Task6.V18.Lib\Tyuiu.SheludkovAA.Sprint6.Task6.V18.Lib.csproj", "{2B5C5C47-A30E-46DD-A70B-325B2AA212FE}"
EndProject
Project("{FAE04EC0-301F-11D3-BF4B-00C04F79EFBC}") = "Tyuiu.SheludkovAA.Sprint6.Task6.V18", "Tyuiu.SheludkovAA.Sprint6.Task6.V18\Tyuiu.SheludkovAA.Sprint6.Task6.V18.csproj", "{79D568E2-062D-415A-84C7-4C7963C7C331}"
EndProject
Global
	GlobalSection(SolutionConfigurationPlatforms) = preSolution
		Debug|Any CPU = Debug|Any CPU
		Release|Any CPU = Release|Any CPU
	EndGlobalSection
	GlobalSection(ProjectConfigurationPlatforms) = postSolution
		{E7D29DB1-9260-4AC8-AAB9-67836F10A953}.Debug|Any CPU.ActiveCfg = Debug|Any CPU
		{E7D29DB1-9260-4AC8-AAB9-67836F10A953}.Debug|Any CPU.Build.0 = Debug|Any CPU
		{E7D29DB1-9260-4AC8-AAB9-67836F10A953}.Release|Any CPU.ActiveCfg = Release|Any CPU
		{E7D29DB1-9260-4AC8-AAB9-67836F10A953}.Release|Any CPU.Build.0 = Release|Any CPU
		{5741AAE1-7BC4-439F-A9F1-C8B07AFB4BA1}.Debug|Any CPU.ActiveCfg = Debug|Any CPU
		{5741AAE1-7BC4-439F-A9F1-C8B07AFB4BA1}.Debug|Any CPU.Build.0 = Debug|Any CPU
		{5741AAE1-7BC4-439F-A9F1-C8B07AFB4BA1}.Release|Any CPU.ActiveCfg = Release|Any CPU
		{5741AAE1-7BC4-439F-A9F1-C8B07AFB4BA1}.Release|Any CPU.Build.0 = Release|Any CPU
		{0E6968FC-EBEB-4E78-AF67-AB863EC7A43A}.Debug|Any CPU.ActiveCfg = Debug|Any CPU
		{0E6968FC-EBEB-4E78-AF67-AB863EC7A43A}.Debug|Any CPU.Build.0 = Debug|Any CPU
		{0E6968FC-EBEB-4E78-AF67-AB863EC7A43A}.Release|Any CPU.ActiveCfg = Release|Any CPU
		{0E6968FC-EBEB-4E78-AF67-AB863EC7A43A}.Release|Any CPU.Build.0 = Release|Any CPU
		{3015A6BB-100D-419D-BB46-E82956C2BE10}.Debug|Any CPU.ActiveCfg = Debug|Any CPU
		{3015A6BB-100D-419D-BB46-E82956C2BE10}.Debug|Any CPU.Build.0 = Debug|Any CPU
		{3015A6BB-100D-419D-BB46-E82956C2BE10}.Release|Any CPU.ActiveCfg = Release|Any CPU
		{3015A6BB-100D-419D-BB46-E82956C2BE10}.Release|Any CPU.Build.0 = Release|Any CPU
		{FB0DA9EF-7D4E-4B37-B3C6-05AAEF3332A8}.Debug|Any CPU.ActiveCfg = Debug|Any CPU
		{FB0DA9EF-7D4E-4B37-B3C6-05AAEF3332A8}.Debug|Any CPU.Build.0 = Debug|Any CPU
		{FB0DA9EF-7D4E-4B37-B3C6-05AAEF3332A8}.Release|Any CPU.ActiveCfg = Release|Any CPU
		{FB0DA9EF-7D4E-4B37-B3C6-05AAEF3332A8}.Release|Any CPU.Build.0 = Release|Any CPU
		{80579A88-4313-44BF-8A42-00B032135F87}.Debug|Any CPU.ActiveCfg = Debug|Any CPU
		{80579A88-4313-44BF-8A42-00B032135F87}.Debug|Any CPU.Build.0 = Debug|Any CPU
		{80579A88-4313-44BF-8A42-00B032135F87}.Release|Any CPU.ActiveCfg = Release|Any CPU
		{80579A88-4313-44BF-8A42-00B032135F87}.Release|Any CPU.Build.0 = Release|Any CPU
		{9602A01C-1281-4154-8C97-FD336B330329}.Debug|Any CPU.ActiveCfg = Debug|Any CPU
		{9602A01C-1281-4154-8C97-FD336B330329}.Debug|Any CPU.Build.0 = Debug|Any CPU
		{9602A01C-1281-4154-8C97-FD336B330329}.Release|Any CPU.ActiveCfg = Release|Any CPU
		{9602A01C-1281-4154-8C97-FD336B330329}.Release|Any CPU.Build.0 = Release|Any CPU
		{E163E901-2098-49BE-A587-88BDD751DC75}.Debug|Any CPU.ActiveCfg = Debug|Any CPU
		{E163E901-2098-49BE-A587-88BDD751DC75}.Debug|Any CPU.Build.0 = Debug|Any CPU
		{E163E901-2098-49BE-A587-88BDD751DC75}.Release|Any CPU.ActiveCfg = Release|Any CPU
		{E163E901-2098-49BE-A587-88BDD751DC75}.Release|Any CPU.Build.0 = Release|Any CPU
		{683462D4-B191-49ED-A02F-12B9FAB4E7B3}.Debug|Any CPU.ActiveCfg = Debug|Any CPU
		{683462D4-B191-49ED-A02F-12B9FAB4E7B3}.Debug|Any CPU.Build.0 = Debug|Any CPU
		{683462D4-B191-49ED-A02F-12B9FAB4E7B3}.Release|Any CPU.ActiveCfg = Release|Any CPU
		{683462D4-B191-49ED-A02F-12B9FAB4E7B3}.Release|Any CPU.Build.0 = Release|Any CPU
		{C8892051-64D7-4FB9-BB36-F6233DC27360}.Debug|Any CPU.ActiveCfg = Debug|Any CPU
		{C8892051-64D7-4FB9-BB36-F6233DC27360}.Debug|Any CPU.Build.0 = Debug|Any CPU
		{C8892051-64D7-4FB9-BB36-F6233DC27360}.Release|Any CPU.ActiveCfg = Release|Any CPU
		{C8892051-64D7-4FB9-BB36-F6233DC27360}.Release|Any CPU.Build.0 = Release|Any CPU
		{4EFD452F-A806-4B70-AF1A-46D6D1FBBCC7}.Debug|Any CPU.ActiveCfg = Debug|Any CPU
		{4EFD452F-A806-4B70-AF1A-46D6D1FBBCC7}.Debug|Any CPU.Build.0 = Debug|Any CPU
		{4EFD452F-A806-4B70-AF1A-46D6D1FBBCC7}.Release|Any CPU.ActiveCfg = Release|Any CPU
		{4EFD452F-A806-4B70-AF1A-46D6D1FBBCC7}.Release|Any CPU.Build.0 = Release|Any CPU
		{4B340A99-4E48-43F1-8D67-A3CCD08FF00F}.Debug|Any CPU.ActiveCfg = Debug|Any CPU
		{4B340A99-4E48-43F1-8D67-A3CCD08FF00F}.Debug|Any CPU.Build.0 = Debug|Any CPU
		{4B340A99-4E48-43F1-8D67-A3CCD08FF00F}.Release|Any CPU.ActiveCfg = Release|Any CPU
		{4B340A99-4E48-43F1-8D67-A3CCD08FF00F}.Release|Any CPU.Build.0 = Release|Any CPU
		{93B4BC02-7C4E-45CA-93ED-B50CFEC8ABBF}.Debug|Any CPU.ActiveCfg = Debug|Any CPU
		{93B4BC02-7C4E-45CA-93ED-B50CFEC8ABBF}.Debug|Any CPU.Build.0 = Debug|Any CPU
		{93B4BC02-7C4E-45CA-93ED-B50CFEC8ABBF}.Release|Any CPU.ActiveCfg = Release|Any CPU
		{93B4BC02-7C4E-45CA-93ED-B50CFEC8ABBF}.Release|Any CPU.Build.0 = Release|Any CPU
		{86D48F05-ABA4-4423-8DD5-1C8B58CDC924}.Debug|Any CPU.ActiveCfg = Debug|Any CPU
		{86D48F05-ABA4-4423-8DD5-1C8B58CDC924}.Debug|Any CPU.Build.0 = Debug|Any CPU
		{86D48F05-ABA4-4423-8DD5-1C8B58CDC924}.Release|Any CPU.ActiveCfg = Release|Any CPU
		{86D48F05-ABA4-4423-8DD5-1C8B58CDC924}.Release|Any CPU.Build.0 = Release|Any CPU
		{6EB08C1D-FABA-4D81-870A-6944374540BF}.Debug|Any CPU.ActiveCfg = Debug|Any CPU
		{6EB08C1D-FABA-4D81-870A-6944374540BF}.Debug|Any CPU.Build.0 = Debug|Any CPU
		{6EB08C1D-FABA-4D81-870A-6944374540BF}.Release|Any CPU.ActiveCfg = Release|Any CPU
		{6EB08C1D-FABA-4D81-870A-6944374540BF}.Release|Any CPU.Build.0 = Release|Any CPU
		{73B06A99-CE17-47D2-AAA1-DB6ABB44385E}.Debug|Any CPU.ActiveCfg = Debug|Any CPU
		{73B06A99-CE17-47D2-AAA1-DB6ABB44385E}.Debug|Any CPU.Build.0 = Debug|Any CPU
		{73B06A99-CE17-47D2-AAA1-DB6ABB44385E}.Release|Any CPU.ActiveCfg = Release|Any CPU
		{73B06A99-CE17-47D2-AAA1-DB6ABB44385E}.Release|Any CPU.Build.0 = Release|Any CPU
		{401EA0CE-6018-4036-B804-6B2DDFE50D65}.Debug|Any CPU.ActiveCfg = Debug|Any CPU
		{401EA0CE-6018-4036-B804-6B2DDFE50D65}.Debug|Any CPU.Build.0 = Debug|Any CPU
		{401EA0CE-6018-4036-B804-6B2DDFE50D65}.Release|Any CPU.ActiveCfg = Release|Any CPU
		{401EA0CE-6018-4036-B804-6B2DDFE50D65}.Release|Any CPU.Build.0 = Release|Any CPU
		{2D8B479A-431C-4DF5-83E0-896CED1E4518}.Debug|Any CPU.ActiveCfg = Debug|Any CPU
		{2D8B479A-431C-4DF5-83E0-896CED1E4518}.Debug|Any CPU.Build.0 = Debug|Any CPU
		{2D8B479A-431C-4DF5-83E0-896CED1E4518}.Release|Any CPU.ActiveCfg = Release|Any CPU
		{2D8B479A-431C-4DF5-83E0-896CED1E4518}.Release|Any CPU.Build.0 = Release|Any CPU
		{EFB46E4D-51C0-4302-8F54-18EAF9FC2B4D}.Debug|Any CPU.ActiveCfg = Debug|Any CPU
		{EFB46E4D-51C0-4302-8F54-18EAF9FC2B4D}.Debug|Any CPU.Build.0 = Debug|Any CPU
		{EFB46E4D-51C0-4302-8F54-18EAF9FC2B4D}.Release|Any CPU.ActiveCfg = Release|Any CPU
		{EFB46E4D-51C0-4302-8F54-18EAF9FC2B4D}.Release|Any CPU.Build.0 = Release|Any CPU
		{2B5C5C47-A30E-46DD-A70B-325B2AA212FE}.Debug|Any CPU.ActiveCfg = Debug|Any CPU
		{2B5C5C47-A30E-46DD-A70B-325B2AA212FE}.Debug|Any CPU.Build.0 = Debug|Any CPU
		{2B5C5C47-A30E-46DD-A70B-325B2AA212FE}.Release|Any CPU.ActiveCfg = Release|Any CPU
		{2B5C5C47-A30E-46DD-A70B-325B2AA212FE}.Release|Any CPU.Build.0 = Release|Any CPU
		{79D568E2-062D-415A-84C7-4C7963C7C331}.Debug|Any CPU.ActiveCfg = Debug|Any CPU
		{79D568E2-062D-415A-84C7-4C7963C7C331}.Debug|Any CPU.Build.0 = Debug|Any CPU
		{79D568E2-062D-415A-84C7-4C7963C7C331}.Release|Any CPU.ActiveCfg = Release|Any CPU
		{79D568E2-062D-415A-84C7-4C7963C7C331}.Release|Any CPU.Build.0 = Release|Any CPU
	EndGlobalSection
	GlobalSection(SolutionProperties) = preSolution
		HideSolutionNode = FALSE
	EndGlobalSection
	GlobalSection(NestedProjects) = preSolution
		{E7D29DB1-9260-4AC8-AAB9-67836F10A953} = {A7042F48-30EA-4433-9B53-F9DFDC9B52E3}
		{5741AAE1-7BC4-439F-A9F1-C8B07AFB4BA1} = {A7042F48-30EA-4433-9B53-F9DFDC9B52E3}
		{0E6968FC-EBEB-4E78-AF67-AB863EC7A43A} = {A7042F48-30EA-4433-9B53-F9DFDC9B52E3}
		{3015A6BB-100D-419D-BB46-E82956C2BE10} = {AB914F8F-BA4A-4931-8956-D4DC34E4C6C8}
		{FB0DA9EF-7D4E-4B37-B3C6-05AAEF3332A8} = {AB914F8F-BA4A-4931-8956-D4DC34E4C6C8}
		{80579A88-4313-44BF-8A42-00B032135F87} = {AB914F8F-BA4A-4931-8956-D4DC34E4C6C8}
		{9602A01C-1281-4154-8C97-FD336B330329} = {AFBD39FB-3CDB-416C-840B-787FB90B114E}
		{E163E901-2098-49BE-A587-88BDD751DC75} = {AFBD39FB-3CDB-416C-840B-787FB90B114E}
		{683462D4-B191-49ED-A02F-12B9FAB4E7B3} = {AFBD39FB-3CDB-416C-840B-787FB90B114E}
		{C8892051-64D7-4FB9-BB36-F6233DC27360} = {55EBDF2D-B6CC-441B-81D0-9EEE7762725C}
		{4EFD452F-A806-4B70-AF1A-46D6D1FBBCC7} = {55EBDF2D-B6CC-441B-81D0-9EEE7762725C}
		{4B340A99-4E48-43F1-8D67-A3CCD08FF00F} = {55EBDF2D-B6CC-441B-81D0-9EEE7762725C}
		{93B4BC02-7C4E-45CA-93ED-B50CFEC8ABBF} = {9E136CE8-5E41-4DA8-B9BD-2C6EFF5DA9B4}
		{86D48F05-ABA4-4423-8DD5-1C8B58CDC924} = {9E136CE8-5E41-4DA8-B9BD-2C6EFF5DA9B4}
		{6EB08C1D-FABA-4D81-870A-6944374540BF} = {9E136CE8-5E41-4DA8-B9BD-2C6EFF5DA9B4}
		{73B06A99-CE17-47D2-AAA1-DB6ABB44385E} = {B582F4C8-F74A-4E54-B438-FF227903743B}
		{401EA0CE-6018-4036-B804-6B2DDFE50D65} = {B582F4C8-F74A-4E54-B438-FF227903743B}
		{2D8B479A-431C-4DF5-83E0-896CED1E4518} = {B582F4C8-F74A-4E54-B438-FF227903743B}
		{EFB46E4D-51C0-4302-8F54-18EAF9FC2B4D} = {7504968A-CEE1-42C7-8FDC-79255FEEA241}
		{2B5C5C47-A30E-46DD-A70B-325B2AA212FE} = {7504968A-CEE1-42C7-8FDC-79255FEEA241}
		{79D568E2-062D-415A-84C7-4C7963C7C331} = {7504968A-CEE1-42C7-8FDC-79255FEEA241}
	EndGlobalSection
	GlobalSection(ExtensibilityGlobals) = postSolution
		SolutionGuid = {A0B71851-6DB7-4724-8B7D-5523EF1EF797}
	EndGlobalSection
EndGlobal
