
Microsoft Visual Studio Solution File, Format Version 12.00
# Visual Studio Version 16
VisualStudioVersion = 16.0.33927.289
MinimumVisualStudioVersion = 10.0.40219.1
Project("{2150E333-8FDC-42A3-9474-1A3956D46DE8}") = "Task0", "Task0", "{A7042F48-30EA-4433-9B53-F9DFDC9B52E3}"
EndProject
Project("{FAE04EC0-301F-11D3-BF4B-00C04F79EFBC}") = "Tyuiu.SheludkovAA.Sprint6.Task0.V6.Test", "Tyuiu.SheludkovAA.Sprint6.Task0.V6.Test\Tyuiu.SheludkovAA.Sprint6.Task0.V6.Test.csproj", "{E7D29DB1-9260-4AC8-AAB9-67836F10A953}"
EndProject
Project("{FAE04EC0-301F-11D3-BF4B-00C04F79EFBC}") = "Tyuiu.SheludkovAA.Sprint6.Task0.V6.Lib", "Tyuiu.SheludkovAA.Sprint6.Task0.V6.Lib\Tyuiu.SheludkovAA.Sprint6.Task0.V6.Lib.csproj", "{5741AAE1-7BC4-439F-A9F1-C8B07AFB4BA1}"
EndProject
Project("{FAE04EC0-301F-11D3-BF4B-00C04F79EFBC}") = "Tyuiu.SheludkovAA.Sprint6.Task0.V6", "Tyuiu.SheludkovAA.Sprint6.Task0.V6\Tyuiu.SheludkovAA.Sprint6.Task0.V6.csproj", "{0E6968FC-EBEB-4E78-AF67-AB863EC7A43A}"
EndProject
Global
	GlobalSection(SolutionConfigurationPlatforms) = preSolution
		Debug|Any CPU = Debug|Any CPU
		Release|Any CPU = Release|Any CPU
	EndGlobalSection
	GlobalSection(ProjectConfigurationPlatforms) = postSolution
		{E7D29DB1-9260-4AC8-AAB9-67836F10A953}.Debug|Any CPU.ActiveCfg = Debug|Any CPU
		{E7D29DB1-9260-4AC8-AAB9-67836F10A953}.Debug|Any CPU.Build.0 = Debug|Any CPU
		{E7D29DB1-9260-4AC8-AAB9-67836F10A953}.Release|Any CPU.ActiveCfg = Release|Any CPU
		{E7D29DB1-9260-4AC8-AAB9-67836F10A953}.Release|Any CPU.Build.0 = Release|Any CPU
		{5741AAE1-7BC4-439F-A9F1-C8B07AFB4BA1}.Debug|Any CPU.ActiveCfg = Debug|Any CPU
		{5741AAE1-7BC4-439F-A9F1-C8B07AFB4BA1}.Debug|Any CPU.Build.0 = Debug|Any CPU
		{5741AAE1-7BC4-439F-A9F1-C8B07AFB4BA1}.Release|Any CPU.ActiveCfg = Release|Any CPU
		{5741AAE1-7BC4-439F-A9F1-C8B07AFB4BA1}.Release|Any CPU.Build.0 = Release|Any CPU
		{0E6968FC-EBEB-4E78-AF67-AB863EC7A43A}.Debug|Any CPU.ActiveCfg = Debug|Any CPU
		{0E6968FC-EBEB-4E78-AF67-AB863EC7A43A}.Debug|Any CPU.Build.0 = Debug|Any CPU
		{0E6968FC-EBEB-4E78-AF67-AB863EC7A43A}.Release|Any CPU.ActiveCfg = Release|Any CPU
		{0E6968FC-EBEB-4E78-AF67-AB863EC7A43A}.Release|Any CPU.Build.0 = Release|Any CPU
	EndGlobalSection
	GlobalSection(SolutionProperties) = preSolution
		HideSolutionNode = FALSE
	EndGlobalSection
	GlobalSection(NestedProjects) = preSolution
		{E7D29DB1-9260-4AC8-AAB9-67836F10A953} = {A7042F48-30EA-4433-9B53-F9DFDC9B52E3}
		{5741AAE1-7BC4-439F-A9F1-C8B07AFB4BA1} = {A7042F48-30EA-4433-9B53-F9DFDC9B52E3}
		{0E6968FC-EBEB-4E78-AF67-AB863EC7A43A} = {A7042F48-30EA-4433-9B53-F9DFDC9B52E3}
	EndGlobalSection
	GlobalSection(ExtensibilityGlobals) = postSolution
		SolutionGuid = {A0B71851-6DB7-4724-8B7D-5523EF1EF797}
	EndGlobalSection
EndGlobal
